{
  "object": {
    "pins": [
      {
        "package": "FcaKit",
        "repositoryURL": "https://github.com/rvyjidacek/FcaKit.git",
        "state": {
          "branch": null,
          "revision": "3c4b73bc42aa8f75013d4fd96f78b3d63d959344",
          "version": "1.1.8"
        }
      }
    ]
  },
  "version": 1
}
